
Microsoft Visual Studio Solution File, Format Version 12.00
# Visual Studio Version 17
VisualStudioVersion = 17.0.31903.59
MinimumVisualStudioVersion = 10.0.40219.1
Project("{FAE04EC0-301F-11D3-BF4B-00C04F79EFBC}") = "SparseMatrixCalculator", "SparseMatrixCalculator\SparseMatrixCalculator.csproj", "{D8F1386D-7239-46A1-ADF9-D9067AA422B1}"
EndProject
Project("{FAE04EC0-301F-11D3-BF4B-00C04F79EFBC}") = "SparseMatrixCalculatorTests", "SparseMatrixCalculatorTests\SparseMatrixCalculatorTests.csproj", "{C3F2EA8D-477C-4295-BF34-84C68617955C}"
EndProject
Global
	GlobalSection(SolutionConfigurationPlatforms) = preSolution
		Debug|Any CPU = Debug|Any CPU
		Release|Any CPU = Release|Any CPU
	EndGlobalSection
	GlobalSection(ProjectConfigurationPlatforms) = postSolution
		{D8F1386D-7239-46A1-ADF9-D9067AA422B1}.Debug|Any CPU.ActiveCfg = Debug|Any CPU
		{D8F1386D-7239-46A1-ADF9-D9067AA422B1}.Debug|Any CPU.Build.0 = Debug|Any CPU
		{D8F1386D-7239-46A1-ADF9-D9067AA422B1}.Release|Any CPU.ActiveCfg = Release|Any CPU
		{D8F1386D-7239-46A1-ADF9-D9067AA422B1}.Release|Any CPU.Build.0 = Release|Any CPU
		{C3F2EA8D-477C-4295-BF34-84C68617955C}.Debug|Any CPU.ActiveCfg = Debug|Any CPU
		{C3F2EA8D-477C-4295-BF34-84C68617955C}.Debug|Any CPU.Build.0 = Debug|Any CPU
		{C3F2EA8D-477C-4295-BF34-84C68617955C}.Release|Any CPU.ActiveCfg = Release|Any CPU
		{C3F2EA8D-477C-4295-BF34-84C68617955C}.Release|Any CPU.Build.0 = Release|Any CPU
	EndGlobalSection
	GlobalSection(SolutionProperties) = preSolution
		HideSolutionNode = FALSE
	EndGlobalSection
	GlobalSection(ExtensibilityGlobals) = postSolution
		SolutionGuid = {B6E92B02-E2E9-4145-992E-4512258CF6B7}
	EndGlobalSection
EndGlobal
